// !$*UTF8*$!
{
	archiveVersion = 1;
	classes = {
	};
	objectVersion = 46;
	objects = {

/* Begin PBXBuildFile section */
		27589D8918EBC93B00BB768B /* Foundation.framework in Frameworks */ = {isa = PBXBuildFile; fileRef = 27589D8818EBC93B00BB768B /* Foundation.framework */; };
		27589D8B18EBC93B00BB768B /* CoreGraphics.framework in Frameworks */ = {isa = PBXBuildFile; fileRef = 27589D8A18EBC93B00BB768B /* CoreGraphics.framework */; };
		27589D8D18EBC93B00BB768B /* UIKit.framework in Frameworks */ = {isa = PBXBuildFile; fileRef = 27589D8C18EBC93B00BB768B /* UIKit.framework */; };
		27589D9318EBC93B00BB768B /* InfoPlist.strings in Resources */ = {isa = PBXBuildFile; fileRef = 27589D9118EBC93B00BB768B /* InfoPlist.strings */; };
		27589D9518EBC93B00BB768B /* main.m in Sources */ = {isa = PBXBuildFile; fileRef = 27589D9418EBC93B00BB768B /* main.m */; };
		27589D9918EBC93B00BB768B /* AppDelegate.m in Sources */ = {isa = PBXBuildFile; fileRef = 27589D9818EBC93B00BB768B /* AppDelegate.m */; };
		27589D9C18EBC93B00BB768B /* Main.storyboard in Resources */ = {isa = PBXBuildFile; fileRef = 27589D9A18EBC93B00BB768B /* Main.storyboard */; };
		27589D9F18EBC93B00BB768B /* ViewController.m in Sources */ = {isa = PBXBuildFile; fileRef = 27589D9E18EBC93B00BB768B /* ViewController.m */; };
		27589DA118EBC93B00BB768B /* Images.xcassets in Resources */ = {isa = PBXBuildFile; fileRef = 27589DA018EBC93B00BB768B /* Images.xcassets */; };
		27589DA818EBC93B00BB768B /* XCTest.framework in Frameworks */ = {isa = PBXBuildFile; fileRef = 27589DA718EBC93B00BB768B /* XCTest.framework */; };
		27589DA918EBC93B00BB768B /* Foundation.framework in Frameworks */ = {isa = PBXBuildFile; fileRef = 27589D8818EBC93B00BB768B /* Foundation.framework */; };
		27589DAA18EBC93B00BB768B /* UIKit.framework in Frameworks */ = {isa = PBXBuildFile; fileRef = 27589D8C18EBC93B00BB768B /* UIKit.framework */; };
		27589DB218EBC93B00BB768B /* InfoPlist.strings in Resources */ = {isa = PBXBuildFile; fileRef = 27589DB018EBC93B00BB768B /* InfoPlist.strings */; };
		27589DB418EBC93B00BB768B /* Top_PlacesTests.m in Sources */ = {isa = PBXBuildFile; fileRef = 27589DB318EBC93B00BB768B /* Top_PlacesTests.m */; };
		27589DC118EBC9AD00BB768B /* FlickrFetcher.m in Sources */ = {isa = PBXBuildFile; fileRef = 27589DC018EBC9AD00BB768B /* FlickrFetcher.m */; };
		27589DC418EBCAC200BB768B /* TopPlacesTableViewController.m in Sources */ = {isa = PBXBuildFile; fileRef = 27589DC318EBCAC200BB768B /* TopPlacesTableViewController.m */; };
		27589DC718EBD8C900BB768B /* SelectedPlaceTableViewController.m in Sources */ = {isa = PBXBuildFile; fileRef = 27589DC618EBD8C900BB768B /* SelectedPlaceTableViewController.m */; };
		27589DCA18EBE1B000BB768B /* PhotoViewController.m in Sources */ = {isa = PBXBuildFile; fileRef = 27589DC918EBE1B000BB768B /* PhotoViewController.m */; };
		27589DCD18EBE66A00BB768B /* HistoryTableViewController.m in Sources */ = {isa = PBXBuildFile; fileRef = 27589DCC18EBE66A00BB768B /* HistoryTableViewController.m */; };
/* End PBXBuildFile section */

/* Begin PBXContainerItemProxy section */
		27589DAB18EBC93B00BB768B /* PBXContainerItemProxy */ = {
			isa = PBXContainerItemProxy;
			containerPortal = 27589D7D18EBC93B00BB768B /* Project object */;
			proxyType = 1;
			remoteGlobalIDString = 27589D8418EBC93B00BB768B;
			remoteInfo = "Top Places";
		};
/* End PBXContainerItemProxy section */

/* Begin PBXFileReference section */
		27589D8518EBC93B00BB768B /* Top Places.app */ = {isa = PBXFileReference; explicitFileType = wrapper.application; includeInIndex = 0; path = "Top Places.app"; sourceTree = BUILT_PRODUCTS_DIR; };
		27589D8818EBC93B00BB768B /* Foundation.framework */ = {isa = PBXFileReference; lastKnownFileType = wrapper.framework; name = Foundation.framework; path = System/Library/Frameworks/Foundation.framework; sourceTree = SDKROOT; };
		27589D8A18EBC93B00BB768B /* CoreGraphics.framework */ = {isa = PBXFileReference; lastKnownFileType = wrapper.framework; name = CoreGraphics.framework; path = System/Library/Frameworks/CoreGraphics.framework; sourceTree = SDKROOT; };
		27589D8C18EBC93B00BB768B /* UIKit.framework */ = {isa = PBXFileReference; lastKnownFileType = wrapper.framework; name = UIKit.framework; path = System/Library/Frameworks/UIKit.framework; sourceTree = SDKROOT; };
		27589D9018EBC93B00BB768B /* Top Places-Info.plist */ = {isa = PBXFileReference; lastKnownFileType = text.plist.xml; path = "Top Places-Info.plist"; sourceTree = "<group>"; };
		27589D9218EBC93B00BB768B /* en */ = {isa = PBXFileReference; lastKnownFileType = text.plist.strings; name = en; path = en.lproj/InfoPlist.strings; sourceTree = "<group>"; };
		27589D9418EBC93B00BB768B /* main.m */ = {isa = PBXFileReference; lastKnownFileType = sourcecode.c.objc; path = main.m; sourceTree = "<group>"; };
		27589D9618EBC93B00BB768B /* Top Places-Prefix.pch */ = {isa = PBXFileReference; lastKnownFileType = sourcecode.c.h; path = "Top Places-Prefix.pch"; sourceTree = "<group>"; };
		27589D9718EBC93B00BB768B /* AppDelegate.h */ = {isa = PBXFileReference; lastKnownFileType = sourcecode.c.h; path = AppDelegate.h; sourceTree = "<group>"; };
		27589D9818EBC93B00BB768B /* AppDelegate.m */ = {isa = PBXFileReference; lastKnownFileType = sourcecode.c.objc; path = AppDelegate.m; sourceTree = "<group>"; };
		27589D9B18EBC93B00BB768B /* Base */ = {isa = PBXFileReference; lastKnownFileType = file.storyboard; name = Base; path = Base.lproj/Main.storyboard; sourceTree = "<group>"; };
		27589D9D18EBC93B00BB768B /* ViewController.h */ = {isa = PBXFileReference; lastKnownFileType = sourcecode.c.h; path = ViewController.h; sourceTree = "<group>"; };
		27589D9E18EBC93B00BB768B /* ViewController.m */ = {isa = PBXFileReference; lastKnownFileType = sourcecode.c.objc; path = ViewController.m; sourceTree = "<group>"; };
		27589DA018EBC93B00BB768B /* Images.xcassets */ = {isa = PBXFileReference; lastKnownFileType = folder.assetcatalog; path = Images.xcassets; sourceTree = "<group>"; };
		27589DA618EBC93B00BB768B /* Top PlacesTests.xctest */ = {isa = PBXFileReference; explicitFileType = wrapper.cfbundle; includeInIndex = 0; path = "Top PlacesTests.xctest"; sourceTree = BUILT_PRODUCTS_DIR; };
		27589DA718EBC93B00BB768B /* XCTest.framework */ = {isa = PBXFileReference; lastKnownFileType = wrapper.framework; name = XCTest.framework; path = Library/Frameworks/XCTest.framework; sourceTree = DEVELOPER_DIR; };
		27589DAF18EBC93B00BB768B /* Top PlacesTests-Info.plist */ = {isa = PBXFileReference; lastKnownFileType = text.plist.xml; path = "Top PlacesTests-Info.plist"; sourceTree = "<group>"; };
		27589DB118EBC93B00BB768B /* en */ = {isa = PBXFileReference; lastKnownFileType = text.plist.strings; name = en; path = en.lproj/InfoPlist.strings; sourceTree = "<group>"; };
		27589DB318EBC93B00BB768B /* Top_PlacesTests.m */ = {isa = PBXFileReference; lastKnownFileType = sourcecode.c.objc; path = Top_PlacesTests.m; sourceTree = "<group>"; };
		27589DBE18EBC9AD00BB768B /* FlickrAPIKey.h */ = {isa = PBXFileReference; fileEncoding = 4; lastKnownFileType = sourcecode.c.h; path = FlickrAPIKey.h; sourceTree = "<group>"; };
		27589DBF18EBC9AD00BB768B /* FlickrFetcher.h */ = {isa = PBXFileReference; fileEncoding = 4; lastKnownFileType = sourcecode.c.h; path = FlickrFetcher.h; sourceTree = "<group>"; };
		27589DC018EBC9AD00BB768B /* FlickrFetcher.m */ = {isa = PBXFileReference; fileEncoding = 4; lastKnownFileType = sourcecode.c.objc; path = FlickrFetcher.m; sourceTree = "<group>"; };
		27589DC218EBCAC200BB768B /* TopPlacesTableViewController.h */ = {isa = PBXFileReference; fileEncoding = 4; lastKnownFileType = sourcecode.c.h; path = TopPlacesTableViewController.h; sourceTree = "<group>"; };
		27589DC318EBCAC200BB768B /* TopPlacesTableViewController.m */ = {isa = PBXFileReference; fileEncoding = 4; lastKnownFileType = sourcecode.c.objc; path = TopPlacesTableViewController.m; sourceTree = "<group>"; };
		27589DC518EBD8C900BB768B /* SelectedPlaceTableViewController.h */ = {isa = PBXFileReference; fileEncoding = 4; lastKnownFileType = sourcecode.c.h; path = SelectedPlaceTableViewController.h; sourceTree = "<group>"; };
		27589DC618EBD8C900BB768B /* SelectedPlaceTableViewController.m */ = {isa = PBXFileReference; fileEncoding = 4; lastKnownFileType = sourcecode.c.objc; path = SelectedPlaceTableViewController.m; sourceTree = "<group>"; };
		27589DC818EBE1B000BB768B /* PhotoViewController.h */ = {isa = PBXFileReference; fileEncoding = 4; lastKnownFileType = sourcecode.c.h; path = PhotoViewController.h; sourceTree = "<group>"; };
		27589DC918EBE1B000BB768B /* PhotoViewController.m */ = {isa = PBXFileReference; fileEncoding = 4; lastKnownFileType = sourcecode.c.objc; path = PhotoViewController.m; sourceTree = "<group>"; };
		27589DCB18EBE66A00BB768B /* HistoryTableViewController.h */ = {isa = PBXFileReference; fileEncoding = 4; lastKnownFileType = sourcecode.c.h; path = HistoryTableViewController.h; sourceTree = "<group>"; };
		27589DCC18EBE66A00BB768B /* HistoryTableViewController.m */ = {isa = PBXFileReference; fileEncoding = 4; lastKnownFileType = sourcecode.c.objc; path = HistoryTableViewController.m; sourceTree = "<group>"; };
/* End PBXFileReference section */

/* Begin PBXFrameworksBuildPhase section */
		27589D8218EBC93B00BB768B /* Frameworks */ = {
			isa = PBXFrameworksBuildPhase;
			buildActionMask = 2147483647;
			files = (
				27589D8B18EBC93B00BB768B /* CoreGraphics.framework in Frameworks */,
				27589D8D18EBC93B00BB768B /* UIKit.framework in Frameworks */,
				27589D8918EBC93B00BB768B /* Foundation.framework in Frameworks */,
			);
			runOnlyForDeploymentPostprocessing = 0;
		};
		27589DA318EBC93B00BB768B /* Frameworks */ = {
			isa = PBXFrameworksBuildPhase;
			buildActionMask = 2147483647;
			files = (
				27589DA818EBC93B00BB768B /* XCTest.framework in Frameworks */,
				27589DAA18EBC93B00BB768B /* UIKit.framework in Frameworks */,
				27589DA918EBC93B00BB768B /* Foundation.framework in Frameworks */,
			);
			runOnlyForDeploymentPostprocessing = 0;
		};
/* End PBXFrameworksBuildPhase section */

/* Begin PBXGroup section */
		27589D7C18EBC93B00BB768B = {
			isa = PBXGroup;
			children = (
				27589D8E18EBC93B00BB768B /* Top Places */,
				27589DAD18EBC93B00BB768B /* Top PlacesTests */,
				27589D8718EBC93B00BB768B /* Frameworks */,
				27589D8618EBC93B00BB768B /* Products */,
			);
			sourceTree = "<group>";
		};
		27589D8618EBC93B00BB768B /* Products */ = {
			isa = PBXGroup;
			children = (
				27589D8518EBC93B00BB768B /* Top Places.app */,
				27589DA618EBC93B00BB768B /* Top PlacesTests.xctest */,
			);
			name = Products;
			sourceTree = "<group>";
		};
		27589D8718EBC93B00BB768B /* Frameworks */ = {
			isa = PBXGroup;
			children = (
				27589D8818EBC93B00BB768B /* Foundation.framework */,
				27589D8A18EBC93B00BB768B /* CoreGraphics.framework */,
				27589D8C18EBC93B00BB768B /* UIKit.framework */,
				27589DA718EBC93B00BB768B /* XCTest.framework */,
			);
			name = Frameworks;
			sourceTree = "<group>";
		};
		27589D8E18EBC93B00BB768B /* Top Places */ = {
			isa = PBXGroup;
			children = (
				27589D9718EBC93B00BB768B /* AppDelegate.h */,
				27589D9818EBC93B00BB768B /* AppDelegate.m */,
				27589D9A18EBC93B00BB768B /* Main.storyboard */,
				27589DCB18EBE66A00BB768B /* HistoryTableViewController.h */,
				27589DCC18EBE66A00BB768B /* HistoryTableViewController.m */,
				27589DC818EBE1B000BB768B /* PhotoViewController.h */,
				27589DC918EBE1B000BB768B /* PhotoViewController.m */,
				27589DC518EBD8C900BB768B /* SelectedPlaceTableViewController.h */,
				27589DC618EBD8C900BB768B /* SelectedPlaceTableViewController.m */,
				27589DC218EBCAC200BB768B /* TopPlacesTableViewController.h */,
				27589DC318EBCAC200BB768B /* TopPlacesTableViewController.m */,
				27589D9D18EBC93B00BB768B /* ViewController.h */,
				27589D9E18EBC93B00BB768B /* ViewController.m */,
				27589DA018EBC93B00BB768B /* Images.xcassets */,
				27589DBD18EBC9AD00BB768B /* Flickr Fetcher */,
				27589D8F18EBC93B00BB768B /* Supporting Files */,
			);
			path = "Top Places";
			sourceTree = "<group>";
		};
		27589D8F18EBC93B00BB768B /* Supporting Files */ = {
			isa = PBXGroup;
			children = (
				27589D9018EBC93B00BB768B /* Top Places-Info.plist */,
				27589D9118EBC93B00BB768B /* InfoPlist.strings */,
				27589D9418EBC93B00BB768B /* main.m */,
				27589D9618EBC93B00BB768B /* Top Places-Prefix.pch */,
			);
			name = "Supporting Files";
			sourceTree = "<group>";
		};
		27589DAD18EBC93B00BB768B /* Top PlacesTests */ = {
			isa = PBXGroup;
			children = (
				27589DB318EBC93B00BB768B /* Top_PlacesTests.m */,
				27589DAE18EBC93B00BB768B /* Supporting Files */,
			);
			path = "Top PlacesTests";
			sourceTree = "<group>";
		};
		27589DAE18EBC93B00BB768B /* Supporting Files */ = {
			isa = PBXGroup;
			children = (
				27589DAF18EBC93B00BB768B /* Top PlacesTests-Info.plist */,
				27589DB018EBC93B00BB768B /* InfoPlist.strings */,
			);
			name = "Supporting Files";
			sourceTree = "<group>";
		};
		27589DBD18EBC9AD00BB768B /* Flickr Fetcher */ = {
			isa = PBXGroup;
			children = (
				27589DBE18EBC9AD00BB768B /* FlickrAPIKey.h */,
				27589DBF18EBC9AD00BB768B /* FlickrFetcher.h */,
				27589DC018EBC9AD00BB768B /* FlickrFetcher.m */,
			);
			path = "Flickr Fetcher";
			sourceTree = "<group>";
		};
/* End PBXGroup section */

/* Begin PBXNativeTarget section */
		27589D8418EBC93B00BB768B /* Top Places */ = {
			isa = PBXNativeTarget;
			buildConfigurationList = 27589DB718EBC93B00BB768B /* Build configuration list for PBXNativeTarget "Top Places" */;
			buildPhases = (
				27589D8118EBC93B00BB768B /* Sources */,
				27589D8218EBC93B00BB768B /* Frameworks */,
				27589D8318EBC93B00BB768B /* Resources */,
			);
			buildRules = (
			);
			dependencies = (
			);
			name = "Top Places";
			productName = "Top Places";
			productReference = 27589D8518EBC93B00BB768B /* Top Places.app */;
			productType = "com.apple.product-type.application";
		};
		27589DA518EBC93B00BB768B /* Top PlacesTests */ = {
			isa = PBXNativeTarget;
			buildConfigurationList = 27589DBA18EBC93B00BB768B /* Build configuration list for PBXNativeTarget "Top PlacesTests" */;
			buildPhases = (
				27589DA218EBC93B00BB768B /* Sources */,
				27589DA318EBC93B00BB768B /* Frameworks */,
				27589DA418EBC93B00BB768B /* Resources */,
			);
			buildRules = (
			);
			dependencies = (
				27589DAC18EBC93B00BB768B /* PBXTargetDependency */,
			);
			name = "Top PlacesTests";
			productName = "Top PlacesTests";
			productReference = 27589DA618EBC93B00BB768B /* Top PlacesTests.xctest */;
			productType = "com.apple.product-type.bundle.unit-test";
		};
/* End PBXNativeTarget section */

/* Begin PBXProject section */
		27589D7D18EBC93B00BB768B /* Project object */ = {
			isa = PBXProject;
			attributes = {
				LastUpgradeCheck = 0510;
				ORGANIZATIONNAME = "Minh Luu";
				TargetAttributes = {
					27589DA518EBC93B00BB768B = {
						TestTargetID = 27589D8418EBC93B00BB768B;
					};
				};
			};
			buildConfigurationList = 27589D8018EBC93B00BB768B /* Build configuration list for PBXProject "Top Places" */;
			compatibilityVersion = "Xcode 3.2";
			developmentRegion = English;
			hasScannedForEncodings = 0;
			knownRegions = (
				en,
				Base,
			);
			mainGroup = 27589D7C18EBC93B00BB768B;
			productRefGroup = 27589D8618EBC93B00BB768B /* Products */;
			projectDirPath = "";
			projectRoot = "";
			targets = (
				27589D8418EBC93B00BB768B /* Top Places */,
				27589DA518EBC93B00BB768B /* Top PlacesTests */,
			);
		};
/* End PBXProject section */

/* Begin PBXResourcesBuildPhase section */
		27589D8318EBC93B00BB768B /* Resources */ = {
			isa = PBXResourcesBuildPhase;
			buildActionMask = 2147483647;
			files = (
				27589DA118EBC93B00BB768B /* Images.xcassets in Resources */,
				27589D9318EBC93B00BB768B /* InfoPlist.strings in Resources */,
				27589D9C18EBC93B00BB768B /* Main.storyboard in Resources */,
			);
			runOnlyForDeploymentPostprocessing = 0;
		};
		27589DA418EBC93B00BB768B /* Resources */ = {
			isa = PBXResourcesBuildPhase;
			buildActionMask = 2147483647;
			files = (
				27589DB218EBC93B00BB768B /* InfoPlist.strings in Resources */,
			);
			runOnlyForDeploymentPostprocessing = 0;
		};
/* End PBXResourcesBuildPhase section */

/* Begin PBXSourcesBuildPhase section */
		27589D8118EBC93B00BB768B /* Sources */ = {
			isa = PBXSourcesBuildPhase;
			buildActionMask = 2147483647;
			files = (
				27589DCD18EBE66A00BB768B /* HistoryTableViewController.m in Sources */,
				27589DC718EBD8C900BB768B /* SelectedPlaceTableViewController.m in Sources */,
				27589DC418EBCAC200BB768B /* TopPlacesTableViewController.m in Sources */,
				27589D9F18EBC93B00BB768B /* ViewController.m in Sources */,
				27589D9918EBC93B00BB768B /* AppDelegate.m in Sources */,
				27589DC118EBC9AD00BB768B /* FlickrFetcher.m in Sources */,
				27589D9518EBC93B00BB768B /* main.m in Sources */,
				27589DCA18EBE1B000BB768B /* PhotoViewController.m in Sources */,
			);
			runOnlyForDeploymentPostprocessing = 0;
		};
		27589DA218EBC93B00BB768B /* Sources */ = {
			isa = PBXSourcesBuildPhase;
			buildActionMask = 2147483647;
			files = (
				27589DB418EBC93B00BB768B /* Top_PlacesTests.m in Sources */,
			);
			runOnlyForDeploymentPostprocessing = 0;
		};
/* End PBXSourcesBuildPhase section */

/* Begin PBXTargetDependency section */
		27589DAC18EBC93B00BB768B /* PBXTargetDependency */ = {
			isa = PBXTargetDependency;
			target = 27589D8418EBC93B00BB768B /* Top Places */;
			targetProxy = 27589DAB18EBC93B00BB768B /* PBXContainerItemProxy */;
		};
/* End PBXTargetDependency section */

/* Begin PBXVariantGroup section */
		27589D9118EBC93B00BB768B /* InfoPlist.strings */ = {
			isa = PBXVariantGroup;
			children = (
				27589D9218EBC93B00BB768B /* en */,
			);
			name = InfoPlist.strings;
			sourceTree = "<group>";
		};
		27589D9A18EBC93B00BB768B /* Main.storyboard */ = {
			isa = PBXVariantGroup;
			children = (
				27589D9B18EBC93B00BB768B /* Base */,
			);
			name = Main.storyboard;
			sourceTree = "<group>";
		};
		27589DB018EBC93B00BB768B /* InfoPlist.strings */ = {
			isa = PBXVariantGroup;
			children = (
				27589DB118EBC93B00BB768B /* en */,
			);
			name = InfoPlist.strings;
			sourceTree = "<group>";
		};
/* End PBXVariantGroup section */

/* Begin XCBuildConfiguration section */
		27589DB518EBC93B00BB768B /* Debug */ = {
			isa = XCBuildConfiguration;
			buildSettings = {
				ALWAYS_SEARCH_USER_PATHS = NO;
				CLANG_CXX_LANGUAGE_STANDARD = "gnu++0x";
				CLANG_CXX_LIBRARY = "libc++";
				CLANG_ENABLE_MODULES = YES;
				CLANG_ENABLE_OBJC_ARC = YES;
				CLANG_WARN_BOOL_CONVERSION = YES;
				CLANG_WARN_CONSTANT_CONVERSION = YES;
				CLANG_WARN_DIRECT_OBJC_ISA_USAGE = YES_ERROR;
				CLANG_WARN_EMPTY_BODY = YES;
				CLANG_WARN_ENUM_CONVERSION = YES;
				CLANG_WARN_INT_CONVERSION = YES;
				CLANG_WARN_OBJC_ROOT_CLASS = YES_ERROR;
				CLANG_WARN__DUPLICATE_METHOD_MATCH = YES;
				"CODE_SIGN_IDENTITY[sdk=iphoneos*]" = "iPhone Developer";
				COPY_PHASE_STRIP = NO;
				GCC_C_LANGUAGE_STANDARD = gnu99;
				GCC_DYNAMIC_NO_PIC = NO;
				GCC_OPTIMIZATION_LEVEL = 0;
				GCC_PREPROCESSOR_DEFINITIONS = (
					"DEBUG=1",
					"$(inherited)",
				);
				GCC_SYMBOLS_PRIVATE_EXTERN = NO;
				GCC_WARN_64_TO_32_BIT_CONVERSION = YES;
				GCC_WARN_ABOUT_RETURN_TYPE = YES_ERROR;
				GCC_WARN_UNDECLARED_SELECTOR = YES;
				GCC_WARN_UNINITIALIZED_AUTOS = YES_AGGRESSIVE;
				GCC_WARN_UNUSED_FUNCTION = YES;
				GCC_WARN_UNUSED_VARIABLE = YES;
				IPHONEOS_DEPLOYMENT_TARGET = 7.1;
				ONLY_ACTIVE_ARCH = YES;
				SDKROOT = iphoneos;
			};
			name = Debug;
		};
		27589DB618EBC93B00BB768B /* Release */ = {
			isa = XCBuildConfiguration;
			buildSettings = {
				ALWAYS_SEARCH_USER_PATHS = NO;
				CLANG_CXX_LANGUAGE_STANDARD = "gnu++0x";
				CLANG_CXX_LIBRARY = "libc++";
				CLANG_ENABLE_MODULES = YES;
				CLANG_ENABLE_OBJC_ARC = YES;
				CLANG_WARN_BOOL_CONVERSION = YES;
				CLANG_WARN_CONSTANT_CONVERSION = YES;
				CLANG_WARN_DIRECT_OBJC_ISA_USAGE = YES_ERROR;
				CLANG_WARN_EMPTY_BODY = YES;
				CLANG_WARN_ENUM_CONVERSION = YES;
				CLANG_WARN_INT_CONVERSION = YES;
				CLANG_WARN_OBJC_ROOT_CLASS = YES_ERROR;
				CLANG_WARN__DUPLICATE_METHOD_MATCH = YES;
				"CODE_SIGN_IDENTITY[sdk=iphoneos*]" = "iPhone Developer";
				COPY_PHASE_STRIP = YES;
				ENABLE_NS_ASSERTIONS = NO;
				GCC_C_LANGUAGE_STANDARD = gnu99;
				GCC_WARN_64_TO_32_BIT_CONVERSION = YES;
				GCC_WARN_ABOUT_RETURN_TYPE = YES_ERROR;
				GCC_WARN_UNDECLARED_SELECTOR = YES;
				GCC_WARN_UNINITIALIZED_AUTOS = YES_AGGRESSIVE;
				GCC_WARN_UNUSED_FUNCTION = YES;
				GCC_WARN_UNUSED_VARIABLE = YES;
				IPHONEOS_DEPLOYMENT_TARGET = 7.1;
				SDKROOT = iphoneos;
				VALIDATE_PRODUCT = YES;
			};
			name = Release;
		};
		27589DB818EBC93B00BB768B /* Debug */ = {
			isa = XCBuildConfiguration;
			buildSettings = {
				ASSETCATALOG_COMPILER_APPICON_NAME = AppIcon;
				ASSETCATALOG_COMPILER_LAUNCHIMAGE_NAME = LaunchImage;
				GCC_PRECOMPILE_PREFIX_HEADER = YES;
				GCC_PREFIX_HEADER = "Top Places/Top Places-Prefix.pch";
				INFOPLIST_FILE = "Top Places/Top Places-Info.plist";
				PRODUCT_NAME = "$(TARGET_NAME)";
				WRAPPER_EXTENSION = app;
			};
			name = Debug;
		};
		27589DB918EBC93B00BB768B /* Release */ = {
			isa = XCBuildConfiguration;
			buildSettings = {
				ASSETCATALOG_COMPILER_APPICON_NAME = AppIcon;
				ASSETCATALOG_COMPILER_LAUNCHIMAGE_NAME = LaunchImage;
				GCC_PRECOMPILE_PREFIX_HEADER = YES;
				GCC_PREFIX_HEADER = "Top Places/Top Places-Prefix.pch";
				INFOPLIST_FILE = "Top Places/Top Places-Info.plist";
				PRODUCT_NAME = "$(TARGET_NAME)";
				WRAPPER_EXTENSION = app;
			};
			name = Release;
		};
		27589DBB18EBC93B00BB768B /* Debug */ = {
			isa = XCBuildConfiguration;
			buildSettings = {
				BUNDLE_LOADER = "$(BUILT_PRODUCTS_DIR)/Top Places.app/Top Places";
				FRAMEWORK_SEARCH_PATHS = (
					"$(SDKROOT)/Developer/Library/Frameworks",
					"$(inherited)",
					"$(DEVELOPER_FRAMEWORKS_DIR)",
				);
				GCC_PRECOMPILE_PREFIX_HEADER = YES;
				GCC_PREFIX_HEADER = "Top Places/Top Places-Prefix.pch";
				GCC_PREPROCESSOR_DEFINITIONS = (
					"DEBUG=1",
					"$(inherited)",
				);
				INFOPLIST_FILE = "Top PlacesTests/Top PlacesTests-Info.plist";
				PRODUCT_NAME = "$(TARGET_NAME)";
				TEST_HOST = "$(BUNDLE_LOADER)";
				WRAPPER_EXTENSION = xctest;
			};
			name = Debug;
		};
		27589DBC18EBC93B00BB768B /* Release */ = {
			isa = XCBuildConfiguration;
			buildSettings = {
				BUNDLE_LOADER = "$(BUILT_PRODUCTS_DIR)/Top Places.app/Top Places";
				FRAMEWORK_SEARCH_PATHS = (
					"$(SDKROOT)/Developer/Library/Frameworks",
					"$(inherited)",
					"$(DEVELOPER_FRAMEWORKS_DIR)",
				);
				GCC_PRECOMPILE_PREFIX_HEADER = YES;
				GCC_PREFIX_HEADER = "Top Places/Top Places-Prefix.pch";
				INFOPLIST_FILE = "Top PlacesTests/Top PlacesTests-Info.plist";
				PRODUCT_NAME = "$(TARGET_NAME)";
				TEST_HOST = "$(BUNDLE_LOADER)";
				WRAPPER_EXTENSION = xctest;
			};
			name = Release;
		};
/* End XCBuildConfiguration section */

/* Begin XCConfigurationList section */
		27589D8018EBC93B00BB768B /* Build configuration list for PBXProject "Top Places" */ = {
			isa = XCConfigurationList;
			buildConfigurations = (
				27589DB518EBC93B00BB768B /* Debug */,
				27589DB618EBC93B00BB768B /* Release */,
			);
			defaultConfigurationIsVisible = 0;
			defaultConfigurationName = Release;
		};
		27589DB718EBC93B00BB768B /* Build configuration list for PBXNativeTarget "Top Places" */ = {
			isa = XCConfigurationList;
			buildConfigurations = (
				27589DB818EBC93B00BB768B /* Debug */,
				27589DB918EBC93B00BB768B /* Release */,
			);
			defaultConfigurationIsVisible = 0;
		};
		27589DBA18EBC93B00BB768B /* Build configuration list for PBXNativeTarget "Top PlacesTests" */ = {
			isa = XCConfigurationList;
			buildConfigurations = (
				27589DBB18EBC93B00BB768B /* Debug */,
				27589DBC18EBC93B00BB768B /* Release */,
			);
			defaultConfigurationIsVisible = 0;
		};
/* End XCConfigurationList section */
	};
	rootObject = 27589D7D18EBC93B00BB768B /* Project object */;
}
